
Microsoft Visual Studio Solution File, Format Version 12.00
# Visual Studio Version 16
VisualStudioVersion = 16.0.31515.178
MinimumVisualStudioVersion = 10.0.40219.1
Project("{888888A0-9F3D-457C-B088-3A5042F75D52}") = "Week8Lab2 (Recursive Function Introduction)", "Week8Lab2 (Recursive Function Introduction).pyproj", "{61431B81-E1CE-414F-AA56-60899902F81B}"
EndProject
Global
	GlobalSection(SolutionConfigurationPlatforms) = preSolution
		Debug|Any CPU = Debug|Any CPU
		Release|Any CPU = Release|Any CPU
	EndGlobalSection
	GlobalSection(ProjectConfigurationPlatforms) = postSolution
		{61431B81-E1CE-414F-AA56-60899902F81B}.Debug|Any CPU.ActiveCfg = Debug|Any CPU
		{61431B81-E1CE-414F-AA56-60899902F81B}.Release|Any CPU.ActiveCfg = Release|Any CPU
	EndGlobalSection
	GlobalSection(SolutionProperties) = preSolution
		HideSolutionNode = FALSE
	EndGlobalSection
	GlobalSection(ExtensibilityGlobals) = postSolution
		SolutionGuid = {000CBA3E-5A0A-4CF0-8FA9-11A9620ADB28}
	EndGlobalSection
EndGlobal
